# @generated by Move, please check-in and do not edit manually.

[move]
version = 3
manifest_digest = "14AE4B9A5E7C812DE5105FEBDDBE236EFB2D6211E0CB91F064EAEA467A98A301"
deps_digest = "F8BBB0CCB2491CA29A3DF03D6F92277A4F3574266507ACD77214D37ECA3F3082"
dependencies = [
  { id = "Sui", name = "Sui" },
]

[[move.package]]
id = "MoveStdlib"
source = { git = "https://github.com/MystenLabs/sui.git", rev = "main", subdir = "crates\\sui-framework\\packages\\move-stdlib" }

[[move.package]]
id = "Sui"
source = { git = "https://github.com/MystenLabs/sui.git", rev = "main", subdir = "crates/sui-framework/packages/sui-framework" }

dependencies = [
  { id = "MoveStdlib", name = "MoveStdlib" },
]

[move.toolchain-version]
compiler-version = "1.56.1"
edition = "2024.beta"
flavor = "sui"

[env]

[env.devnet]
chain-id = "d4b07478"
original-published-id = "0x35d8a2fe62f411b79c95d5300cf7d1401c1811a3d397df994fd081ca4478165f"
latest-published-id = "0x35d8a2fe62f411b79c95d5300cf7d1401c1811a3d397df994fd081ca4478165f"
published-version = "1"
